
Microsoft Visual Studio Solution File, Format Version 12.00
# Visual Studio Version 17
VisualStudioVersion = 17.14.36930.0 d17.14
MinimumVisualStudioVersion = 10.0.40219.1
Project("{FAE04EC0-301F-11D3-BF4B-00C04F79EFBC}") = "Week5Api", "Week5Api\Week5Api.csproj", "{F4434E53-923E-464D-8BB6-5D7422D121BA}"
EndProject
Global
	GlobalSection(SolutionConfigurationPlatforms) = preSolution
		Debug|Any CPU = Debug|Any CPU
		Release|Any CPU = Release|Any CPU
	EndGlobalSection
	GlobalSection(ProjectConfigurationPlatforms) = postSolution
		{F4434E53-923E-464D-8BB6-5D7422D121BA}.Debug|Any CPU.ActiveCfg = Debug|Any CPU
		{F4434E53-923E-464D-8BB6-5D7422D121BA}.Debug|Any CPU.Build.0 = Debug|Any CPU
		{F4434E53-923E-464D-8BB6-5D7422D121BA}.Release|Any CPU.ActiveCfg = Release|Any CPU
		{F4434E53-923E-464D-8BB6-5D7422D121BA}.Release|Any CPU.Build.0 = Release|Any CPU
	EndGlobalSection
	GlobalSection(SolutionProperties) = preSolution
		HideSolutionNode = FALSE
	EndGlobalSection
	GlobalSection(ExtensibilityGlobals) = postSolution
		SolutionGuid = {421DCAEC-3D53-4990-94EF-C0BCF3764239}
	EndGlobalSection
EndGlobal
